
Microsoft Visual Studio Solution File, Format Version 12.00
# Visual Studio Version 17
VisualStudioVersion = 17.11.35327.3
MinimumVisualStudioVersion = 10.0.40219.1
Project("{FAE04EC0-301F-11D3-BF4B-00C04F79EFBC}") = "logica04", "logica04.csproj", "{87A099CA-2042-4B28-A5BD-6DA7EAF39B79}"
EndProject
Global
	GlobalSection(SolutionConfigurationPlatforms) = preSolution
		Debug|Any CPU = Debug|Any CPU
		Release|Any CPU = Release|Any CPU
	EndGlobalSection
	GlobalSection(ProjectConfigurationPlatforms) = postSolution
		{87A099CA-2042-4B28-A5BD-6DA7EAF39B79}.Debug|Any CPU.ActiveCfg = Debug|Any CPU
		{87A099CA-2042-4B28-A5BD-6DA7EAF39B79}.Debug|Any CPU.Build.0 = Debug|Any CPU
		{87A099CA-2042-4B28-A5BD-6DA7EAF39B79}.Release|Any CPU.ActiveCfg = Release|Any CPU
		{87A099CA-2042-4B28-A5BD-6DA7EAF39B79}.Release|Any CPU.Build.0 = Release|Any CPU
	EndGlobalSection
	GlobalSection(SolutionProperties) = preSolution
		HideSolutionNode = FALSE
	EndGlobalSection
	GlobalSection(ExtensibilityGlobals) = postSolution
		SolutionGuid = {42BBAD43-BAB6-4A06-8989-0817B5D09089}
	EndGlobalSection
EndGlobal
